// !$*UTF8*$!
{
	archiveVersion = 1;
	classes = {
	};
	objectVersion = 46;
	objects = {

/* Begin PBXBuildFile section */
		AF235813190693F100657AD4 /* sample_image_00.jpg in Resources */ = {isa = PBXBuildFile; fileRef = AF235811190693F100657AD4 /* sample_image_00.jpg */; };
		AF235814190693F100657AD4 /* sample_image_01.jpg in Resources */ = {isa = PBXBuildFile; fileRef = AF235812190693F100657AD4 /* sample_image_01.jpg */; };
		AF4BF61A18FAE2240015AE48 /* Foundation.framework in Frameworks */ = {isa = PBXBuildFile; fileRef = AF4BF5C818FAE0040015AE48 /* Foundation.framework */; };
		AF4BF64218FAE2BD0015AE48 /* Foundation.framework in Frameworks */ = {isa = PBXBuildFile; fileRef = AF4BF5C818FAE0040015AE48 /* Foundation.framework */; };
		AF4BF64418FAE2BD0015AE48 /* CoreGraphics.framework in Frameworks */ = {isa = PBXBuildFile; fileRef = AF4BF64318FAE2BD0015AE48 /* CoreGraphics.framework */; };
		AF4BF64C18FAE2BD0015AE48 /* InfoPlist.strings in Resources */ = {isa = PBXBuildFile; fileRef = AF4BF64A18FAE2BD0015AE48 /* InfoPlist.strings */; };
		AF4BF64E18FAE2BD0015AE48 /* main.m in Sources */ = {isa = PBXBuildFile; fileRef = AF4BF64D18FAE2BD0015AE48 /* main.m */; };
		AFDC52BC190141D600A4A8E1 /* sample_image.jpg in Resources */ = {isa = PBXBuildFile; fileRef = AFDC52BB190141D600A4A8E1 /* sample_image.jpg */; };
		AFF557AD18FD13C0000DFC43 /* PIOScrollSceneViewController.m in Sources */ = {isa = PBXBuildFile; fileRef = AFF557AC18FD13C0000DFC43 /* PIOScrollSceneViewController.m */; };
		AFF557AE18FD13C0000DFC43 /* PIOScrollSceneViewController.m in Sources */ = {isa = PBXBuildFile; fileRef = AFF557AC18FD13C0000DFC43 /* PIOScrollSceneViewController.m */; };
		AFF557B118FD1E5C000DFC43 /* PIOAppDelegate.m in Sources */ = {isa = PBXBuildFile; fileRef = AFF557B018FD1E5C000DFC43 /* PIOAppDelegate.m */; };
		AFF557B418FD1E73000DFC43 /* Images.xcassets in Resources */ = {isa = PBXBuildFile; fileRef = AFF557B318FD1E73000DFC43 /* Images.xcassets */; };
		AFF557B618FD1EC6000DFC43 /* MainStoryboard_iphone.storyboard in Resources */ = {isa = PBXBuildFile; fileRef = AFF557B518FD1EC6000DFC43 /* MainStoryboard_iphone.storyboard */; };
		AFF557B818FD1EE1000DFC43 /* MainStoryboard_ipad.storyboard in Resources */ = {isa = PBXBuildFile; fileRef = AFF557B718FD1EE1000DFC43 /* MainStoryboard_ipad.storyboard */; };
		BF8D202C5DED57801D401B46 /* ExampleTiledNode.m in Sources */ = {isa = PBXBuildFile; fileRef = BF8D2922D96E9DC511880E45 /* ExampleTiledNode.m */; };
		BF8D225BB1BCA2F4B0528C4B /* PIOScrollScene.m in Sources */ = {isa = PBXBuildFile; fileRef = BF8D2A778A9626745E674AA3 /* PIOScrollScene.m */; };
		BF8D269D09A7EC2459568780 /* ExampleScrollScene.m in Sources */ = {isa = PBXBuildFile; fileRef = BF8D205531F1282F16BE6725 /* ExampleScrollScene.m */; };
		BF8D26B918BB5E0B52D3F6E3 /* ExampleTiledNode.m in Sources */ = {isa = PBXBuildFile; fileRef = BF8D2922D96E9DC511880E45 /* ExampleTiledNode.m */; };
		BF8D270AE4B38489422F8979 /* PIOTiledNode.m in Sources */ = {isa = PBXBuildFile; fileRef = BF8D29B23AF3B9CF637C34D3 /* PIOTiledNode.m */; };
		BF8D29A8DA2D39F50AD67496 /* PIOStaticNode.m in Sources */ = {isa = PBXBuildFile; fileRef = BF8D28327C7F1F41387750E9 /* PIOStaticNode.m */; };
		BF8D2B7E056308639CEA281E /* PIOTiledNode.m in Sources */ = {isa = PBXBuildFile; fileRef = BF8D29B23AF3B9CF637C34D3 /* PIOTiledNode.m */; };
		BF8D2DFE8FF9145F70BC85F6 /* ExampleScrollViewController.m in Sources */ = {isa = PBXBuildFile; fileRef = BF8D287AEB4B65B1B2982D48 /* ExampleScrollViewController.m */; };
		BF8D2EF04C077ECAD924FE8C /* PIOScrollScene.m in Sources */ = {isa = PBXBuildFile; fileRef = BF8D2A778A9626745E674AA3 /* PIOScrollScene.m */; };
/* End PBXBuildFile section */

/* Begin PBXCopyFilesBuildPhase section */
		AF4BF61718FAE2240015AE48 /* CopyFiles */ = {
			isa = PBXCopyFilesBuildPhase;
			buildActionMask = 2147483647;
			dstPath = "include/$(PRODUCT_NAME)";
			dstSubfolderSpec = 16;
			files = (
			);
			runOnlyForDeploymentPostprocessing = 0;
		};
/* End PBXCopyFilesBuildPhase section */

/* Begin PBXFileReference section */
		AF235811190693F100657AD4 /* sample_image_00.jpg */ = {isa = PBXFileReference; lastKnownFileType = image.jpeg; path = sample_image_00.jpg; sourceTree = "<group>"; };
		AF235812190693F100657AD4 /* sample_image_01.jpg */ = {isa = PBXFileReference; lastKnownFileType = image.jpeg; path = sample_image_01.jpg; sourceTree = "<group>"; };
		AF4BF5C818FAE0040015AE48 /* Foundation.framework */ = {isa = PBXFileReference; lastKnownFileType = wrapper.framework; name = Foundation.framework; path = System/Library/Frameworks/Foundation.framework; sourceTree = SDKROOT; };
		AF4BF61418FAE17A0015AE48 /* PIOSpriteKit.h */ = {isa = PBXFileReference; fileEncoding = 4; lastKnownFileType = sourcecode.c.h; name = PIOSpriteKit.h; path = Classes/PIOSpriteKit.h; sourceTree = "<group>"; };
		AF4BF61918FAE2240015AE48 /* libPIOSpriteKit.a */ = {isa = PBXFileReference; explicitFileType = archive.ar; includeInIndex = 0; path = libPIOSpriteKit.a; sourceTree = BUILT_PRODUCTS_DIR; };
		AF4BF64118FAE2BD0015AE48 /* PIOSpriteKit.Examples.app */ = {isa = PBXFileReference; explicitFileType = wrapper.application; includeInIndex = 0; path = PIOSpriteKit.Examples.app; sourceTree = BUILT_PRODUCTS_DIR; };
		AF4BF64318FAE2BD0015AE48 /* CoreGraphics.framework */ = {isa = PBXFileReference; lastKnownFileType = wrapper.framework; name = CoreGraphics.framework; path = System/Library/Frameworks/CoreGraphics.framework; sourceTree = SDKROOT; };
		AF4BF64918FAE2BD0015AE48 /* PIOSpriteKit.Examples-Info.plist */ = {isa = PBXFileReference; lastKnownFileType = text.plist.xml; path = "PIOSpriteKit.Examples-Info.plist"; sourceTree = "<group>"; };
		AF4BF64B18FAE2BD0015AE48 /* en */ = {isa = PBXFileReference; lastKnownFileType = text.plist.strings; name = en; path = en.lproj/InfoPlist.strings; sourceTree = "<group>"; };
		AF4BF64D18FAE2BD0015AE48 /* main.m */ = {isa = PBXFileReference; lastKnownFileType = sourcecode.c.objc; path = main.m; sourceTree = "<group>"; };
		AF4BF64F18FAE2BD0015AE48 /* PIOSpriteKit.Examples-Prefix.pch */ = {isa = PBXFileReference; lastKnownFileType = sourcecode.c.h; path = "PIOSpriteKit.Examples-Prefix.pch"; sourceTree = "<group>"; };
		AFDC52BB190141D600A4A8E1 /* sample_image.jpg */ = {isa = PBXFileReference; lastKnownFileType = image.jpeg; path = sample_image.jpg; sourceTree = "<group>"; };
		AFF557AB18FD13C0000DFC43 /* PIOScrollSceneViewController.h */ = {isa = PBXFileReference; fileEncoding = 4; lastKnownFileType = sourcecode.c.h; name = PIOScrollSceneViewController.h; path = Classes/PIOScrollSceneViewController.h; sourceTree = "<group>"; };
		AFF557AC18FD13C0000DFC43 /* PIOScrollSceneViewController.m */ = {isa = PBXFileReference; fileEncoding = 4; lastKnownFileType = sourcecode.c.objc; name = PIOScrollSceneViewController.m; path = Classes/PIOScrollSceneViewController.m; sourceTree = "<group>"; };
		AFF557AF18FD1E5C000DFC43 /* PIOAppDelegate.h */ = {isa = PBXFileReference; fileEncoding = 4; lastKnownFileType = sourcecode.c.h; name = PIOAppDelegate.h; path = Classes/PIOAppDelegate.h; sourceTree = "<group>"; };
		AFF557B018FD1E5C000DFC43 /* PIOAppDelegate.m */ = {isa = PBXFileReference; fileEncoding = 4; lastKnownFileType = sourcecode.c.objc; name = PIOAppDelegate.m; path = Classes/PIOAppDelegate.m; sourceTree = "<group>"; };
		AFF557B318FD1E73000DFC43 /* Images.xcassets */ = {isa = PBXFileReference; lastKnownFileType = folder.assetcatalog; path = Images.xcassets; sourceTree = "<group>"; };
		AFF557B518FD1EC6000DFC43 /* MainStoryboard_iphone.storyboard */ = {isa = PBXFileReference; fileEncoding = 4; lastKnownFileType = file.storyboard; path = MainStoryboard_iphone.storyboard; sourceTree = "<group>"; };
		AFF557B718FD1EE1000DFC43 /* MainStoryboard_ipad.storyboard */ = {isa = PBXFileReference; fileEncoding = 4; lastKnownFileType = file.storyboard; path = MainStoryboard_ipad.storyboard; sourceTree = "<group>"; };
		BF8D205531F1282F16BE6725 /* ExampleScrollScene.m */ = {isa = PBXFileReference; fileEncoding = 4; lastKnownFileType = sourcecode.c.objc; name = ExampleScrollScene.m; path = Classes/ExampleScrollScene.m; sourceTree = "<group>"; };
		BF8D23DAB9861644B07E8576 /* LICENSE */ = {isa = PBXFileReference; fileEncoding = 4; lastKnownFileType = text; path = LICENSE; sourceTree = "<group>"; };
		BF8D24F08E4A25D3ED10B227 /* PIOSpriteKit.podspec */ = {isa = PBXFileReference; lastKnownFileType = file.podspec; path = PIOSpriteKit.podspec; sourceTree = "<group>"; };
		BF8D250D0DB59C6E9A7F39C4 /* PIOStaticNode.h */ = {isa = PBXFileReference; fileEncoding = 4; lastKnownFileType = sourcecode.c.h; name = PIOStaticNode.h; path = Classes/PIOStaticNode.h; sourceTree = "<group>"; };
		BF8D28327C7F1F41387750E9 /* PIOStaticNode.m */ = {isa = PBXFileReference; fileEncoding = 4; lastKnownFileType = sourcecode.c.objc; name = PIOStaticNode.m; path = Classes/PIOStaticNode.m; sourceTree = "<group>"; };
		BF8D287AEB4B65B1B2982D48 /* ExampleScrollViewController.m */ = {isa = PBXFileReference; fileEncoding = 4; lastKnownFileType = sourcecode.c.objc; name = ExampleScrollViewController.m; path = Classes/ExampleScrollViewController.m; sourceTree = "<group>"; };
		BF8D28EB2561A92396BE786D /* README.md */ = {isa = PBXFileReference; lastKnownFileType = file.md; path = README.md; sourceTree = "<group>"; };
		BF8D2922D96E9DC511880E45 /* ExampleTiledNode.m */ = {isa = PBXFileReference; fileEncoding = 4; lastKnownFileType = sourcecode.c.objc; path = ExampleTiledNode.m; sourceTree = "<group>"; };
		BF8D2975DE6AEF06C94A185C /* ExampleScrollViewController.h */ = {isa = PBXFileReference; fileEncoding = 4; lastKnownFileType = sourcecode.c.h; name = ExampleScrollViewController.h; path = Classes/ExampleScrollViewController.h; sourceTree = "<group>"; };
		BF8D298A21EF1C04E6D4F981 /* ExampleScrollScene.h */ = {isa = PBXFileReference; fileEncoding = 4; lastKnownFileType = sourcecode.c.h; name = ExampleScrollScene.h; path = Classes/ExampleScrollScene.h; sourceTree = "<group>"; };
		BF8D29B23AF3B9CF637C34D3 /* PIOTiledNode.m */ = {isa = PBXFileReference; fileEncoding = 4; lastKnownFileType = sourcecode.c.objc; name = PIOTiledNode.m; path = Classes/PIOTiledNode.m; sourceTree = "<group>"; };
		BF8D2A778A9626745E674AA3 /* PIOScrollScene.m */ = {isa = PBXFileReference; fileEncoding = 4; lastKnownFileType = sourcecode.c.objc; name = PIOScrollScene.m; path = Classes/PIOScrollScene.m; sourceTree = "<group>"; };
		BF8D2CAA22F397759A9219D5 /* PIOTiledNode.h */ = {isa = PBXFileReference; fileEncoding = 4; lastKnownFileType = sourcecode.c.h; name = PIOTiledNode.h; path = Classes/PIOTiledNode.h; sourceTree = "<group>"; };
		BF8D2E6358A137D77E3D42EF /* PIOScrollScene.h */ = {isa = PBXFileReference; fileEncoding = 4; lastKnownFileType = sourcecode.c.h; name = PIOScrollScene.h; path = Classes/PIOScrollScene.h; sourceTree = "<group>"; };
		BF8D2F5E5C302814B5B564AB /* ExampleTiledNode.h */ = {isa = PBXFileReference; fileEncoding = 4; lastKnownFileType = sourcecode.c.h; path = ExampleTiledNode.h; sourceTree = "<group>"; };
/* End PBXFileReference section */

/* Begin PBXFrameworksBuildPhase section */
		AF4BF61618FAE2240015AE48 /* Frameworks */ = {
			isa = PBXFrameworksBuildPhase;
			buildActionMask = 2147483647;
			files = (
				AF4BF61A18FAE2240015AE48 /* Foundation.framework in Frameworks */,
			);
			runOnlyForDeploymentPostprocessing = 0;
		};
		AF4BF63E18FAE2BD0015AE48 /* Frameworks */ = {
			isa = PBXFrameworksBuildPhase;
			buildActionMask = 2147483647;
			files = (
				AF4BF64418FAE2BD0015AE48 /* CoreGraphics.framework in Frameworks */,
				AF4BF64218FAE2BD0015AE48 /* Foundation.framework in Frameworks */,
			);
			runOnlyForDeploymentPostprocessing = 0;
		};
/* End PBXFrameworksBuildPhase section */

/* Begin PBXGroup section */
		AF3C472C18FADE4500F7E3DD = {
			isa = PBXGroup;
			children = (
				AF4BF5F218FAE0900015AE48 /* Classes */,
				AF4BF64718FAE2BD0015AE48 /* Examples */,
				AF4BF5C718FAE0040015AE48 /* Frameworks */,
				AF4BF66E18FAE2EC0015AE48 /* Products */,
				BF8D23DAB9861644B07E8576 /* LICENSE */,
				BF8D28EB2561A92396BE786D /* README.md */,
				BF8D24F08E4A25D3ED10B227 /* PIOSpriteKit.podspec */,
			);
			sourceTree = "<group>";
		};
		AF4BF5C718FAE0040015AE48 /* Frameworks */ = {
			isa = PBXGroup;
			children = (
				AF4BF5C818FAE0040015AE48 /* Foundation.framework */,
				AF4BF64318FAE2BD0015AE48 /* CoreGraphics.framework */,
			);
			name = Frameworks;
			sourceTree = "<group>";
		};
		AF4BF5F218FAE0900015AE48 /* Classes */ = {
			isa = PBXGroup;
			children = (
				BF8D2E6358A137D77E3D42EF /* PIOScrollScene.h */,
				BF8D2A778A9626745E674AA3 /* PIOScrollScene.m */,
				AFF557AB18FD13C0000DFC43 /* PIOScrollSceneViewController.h */,
				AFF557AC18FD13C0000DFC43 /* PIOScrollSceneViewController.m */,
				AF4BF61418FAE17A0015AE48 /* PIOSpriteKit.h */,
				BF8D2CAA22F397759A9219D5 /* PIOTiledNode.h */,
				BF8D29B23AF3B9CF637C34D3 /* PIOTiledNode.m */,
				BF8D250D0DB59C6E9A7F39C4 /* PIOStaticNode.h */,
				BF8D28327C7F1F41387750E9 /* PIOStaticNode.m */,
			);
			name = Classes;
			path = PIOSpriteKit;
			sourceTree = "<group>";
		};
		AF4BF64718FAE2BD0015AE48 /* Examples */ = {
			isa = PBXGroup;
			children = (
				AF66283318FE87CC00BCB677 /* Classes */,
				AFF557B218FD1E73000DFC43 /* Resources */,
				AF4BF64818FAE2BD0015AE48 /* Supporting Files */,
			);
			name = Examples;
			path = PIOSpriteKit.Examples;
			sourceTree = "<group>";
		};
		AF4BF64818FAE2BD0015AE48 /* Supporting Files */ = {
			isa = PBXGroup;
			children = (
				AF4BF64918FAE2BD0015AE48 /* PIOSpriteKit.Examples-Info.plist */,
				AF4BF64A18FAE2BD0015AE48 /* InfoPlist.strings */,
				AF4BF64D18FAE2BD0015AE48 /* main.m */,
				AF4BF64F18FAE2BD0015AE48 /* PIOSpriteKit.Examples-Prefix.pch */,
			);
			name = "Supporting Files";
			sourceTree = "<group>";
		};
		AF4BF66E18FAE2EC0015AE48 /* Products */ = {
			isa = PBXGroup;
			children = (
				AF4BF61918FAE2240015AE48 /* libPIOSpriteKit.a */,
				AF4BF64118FAE2BD0015AE48 /* PIOSpriteKit.Examples.app */,
			);
			name = Products;
			sourceTree = "<group>";
		};
		AF66283318FE87CC00BCB677 /* Classes */ = {
			isa = PBXGroup;
			children = (
				BF8D298A21EF1C04E6D4F981 /* ExampleScrollScene.h */,
				BF8D205531F1282F16BE6725 /* ExampleScrollScene.m */,
				BF8D2975DE6AEF06C94A185C /* ExampleScrollViewController.h */,
				BF8D287AEB4B65B1B2982D48 /* ExampleScrollViewController.m */,
				AFF557AF18FD1E5C000DFC43 /* PIOAppDelegate.h */,
				AFF557B018FD1E5C000DFC43 /* PIOAppDelegate.m */,
				BF8D2922D96E9DC511880E45 /* ExampleTiledNode.m */,
				BF8D2F5E5C302814B5B564AB /* ExampleTiledNode.h */,
			);
			name = Classes;
			sourceTree = "<group>";
		};
		AFF557B218FD1E73000DFC43 /* Resources */ = {
			isa = PBXGroup;
			children = (
				AF235811190693F100657AD4 /* sample_image_00.jpg */,
				AF235812190693F100657AD4 /* sample_image_01.jpg */,
				AFDC52BB190141D600A4A8E1 /* sample_image.jpg */,
				AFF557B318FD1E73000DFC43 /* Images.xcassets */,
				AFF557B518FD1EC6000DFC43 /* MainStoryboard_iphone.storyboard */,
				AFF557B718FD1EE1000DFC43 /* MainStoryboard_ipad.storyboard */,
			);
			path = Resources;
			sourceTree = "<group>";
		};
/* End PBXGroup section */

/* Begin PBXNativeTarget section */
		AF4BF61818FAE2240015AE48 /* PIOSpriteKit */ = {
			isa = PBXNativeTarget;
			buildConfigurationList = AF4BF63718FAE2240015AE48 /* Build configuration list for PBXNativeTarget "PIOSpriteKit" */;
			buildPhases = (
				AF4BF61518FAE2240015AE48 /* Sources */,
				AF4BF61618FAE2240015AE48 /* Frameworks */,
				AF4BF61718FAE2240015AE48 /* CopyFiles */,
			);
			buildRules = (
			);
			dependencies = (
			);
			name = PIOSpriteKit;
			productName = PIOSpriteKit;
			productReference = AF4BF61918FAE2240015AE48 /* libPIOSpriteKit.a */;
			productType = "com.apple.product-type.library.static";
		};
		AF4BF64018FAE2BD0015AE48 /* PIOSpriteKit.Examples */ = {
			isa = PBXNativeTarget;
			buildConfigurationList = AF4BF66818FAE2BE0015AE48 /* Build configuration list for PBXNativeTarget "PIOSpriteKit.Examples" */;
			buildPhases = (
				AF4BF63D18FAE2BD0015AE48 /* Sources */,
				AF4BF63E18FAE2BD0015AE48 /* Frameworks */,
				AF4BF63F18FAE2BD0015AE48 /* Resources */,
			);
			buildRules = (
			);
			dependencies = (
			);
			name = PIOSpriteKit.Examples;
			productName = PIOSpriteKit.Examples;
			productReference = AF4BF64118FAE2BD0015AE48 /* PIOSpriteKit.Examples.app */;
			productType = "com.apple.product-type.application";
		};
/* End PBXNativeTarget section */

/* Begin PBXProject section */
		AF3C472D18FADE4500F7E3DD /* Project object */ = {
			isa = PBXProject;
			attributes = {
				LastUpgradeCheck = 0510;
			};
			buildConfigurationList = AF3C473018FADE4500F7E3DD /* Build configuration list for PBXProject "PIOSpriteKit" */;
			compatibilityVersion = "Xcode 3.2";
			developmentRegion = English;
			hasScannedForEncodings = 0;
			knownRegions = (
				en,
			);
			mainGroup = AF3C472C18FADE4500F7E3DD;
			productRefGroup = AF3C472C18FADE4500F7E3DD;
			projectDirPath = "";
			projectRoot = "";
			targets = (
				AF4BF61818FAE2240015AE48 /* PIOSpriteKit */,
				AF4BF64018FAE2BD0015AE48 /* PIOSpriteKit.Examples */,
			);
		};
/* End PBXProject section */

/* Begin PBXResourcesBuildPhase section */
		AF4BF63F18FAE2BD0015AE48 /* Resources */ = {
			isa = PBXResourcesBuildPhase;
			buildActionMask = 2147483647;
			files = (
				AFF557B818FD1EE1000DFC43 /* MainStoryboard_ipad.storyboard in Resources */,
				AF235813190693F100657AD4 /* sample_image_00.jpg in Resources */,
				AF4BF64C18FAE2BD0015AE48 /* InfoPlist.strings in Resources */,
				AFF557B418FD1E73000DFC43 /* Images.xcassets in Resources */,
				AFDC52BC190141D600A4A8E1 /* sample_image.jpg in Resources */,
				AF235814190693F100657AD4 /* sample_image_01.jpg in Resources */,
				AFF557B618FD1EC6000DFC43 /* MainStoryboard_iphone.storyboard in Resources */,
			);
			runOnlyForDeploymentPostprocessing = 0;
		};
/* End PBXResourcesBuildPhase section */

/* Begin PBXSourcesBuildPhase section */
		AF4BF61518FAE2240015AE48 /* Sources */ = {
			isa = PBXSourcesBuildPhase;
			buildActionMask = 2147483647;
			files = (
				AFF557AD18FD13C0000DFC43 /* PIOScrollSceneViewController.m in Sources */,
				BF8D225BB1BCA2F4B0528C4B /* PIOScrollScene.m in Sources */,
				BF8D2B7E056308639CEA281E /* PIOTiledNode.m in Sources */,
				BF8D26B918BB5E0B52D3F6E3 /* ExampleTiledNode.m in Sources */,
				BF8D29A8DA2D39F50AD67496 /* PIOStaticNode.m in Sources */,
			);
			runOnlyForDeploymentPostprocessing = 0;
		};
		AF4BF63D18FAE2BD0015AE48 /* Sources */ = {
			isa = PBXSourcesBuildPhase;
			buildActionMask = 2147483647;
			files = (
				AFF557AE18FD13C0000DFC43 /* PIOScrollSceneViewController.m in Sources */,
				AF4BF64E18FAE2BD0015AE48 /* main.m in Sources */,
				BF8D2EF04C077ECAD924FE8C /* PIOScrollScene.m in Sources */,
				AFF557B118FD1E5C000DFC43 /* PIOAppDelegate.m in Sources */,
				BF8D2DFE8FF9145F70BC85F6 /* ExampleScrollViewController.m in Sources */,
				BF8D269D09A7EC2459568780 /* ExampleScrollScene.m in Sources */,
				BF8D270AE4B38489422F8979 /* PIOTiledNode.m in Sources */,
				BF8D202C5DED57801D401B46 /* ExampleTiledNode.m in Sources */,
			);
			runOnlyForDeploymentPostprocessing = 0;
		};
/* End PBXSourcesBuildPhase section */

/* Begin PBXVariantGroup section */
		AF4BF64A18FAE2BD0015AE48 /* InfoPlist.strings */ = {
			isa = PBXVariantGroup;
			children = (
				AF4BF64B18FAE2BD0015AE48 /* en */,
			);
			name = InfoPlist.strings;
			sourceTree = "<group>";
		};
/* End PBXVariantGroup section */

/* Begin XCBuildConfiguration section */
		AF3C473118FADE4500F7E3DD /* Debug */ = {
			isa = XCBuildConfiguration;
			buildSettings = {
				IPHONEOS_DEPLOYMENT_TARGET = 7.0;
			};
			name = Debug;
		};
		AF3C473218FADE4500F7E3DD /* Release */ = {
			isa = XCBuildConfiguration;
			buildSettings = {
				IPHONEOS_DEPLOYMENT_TARGET = 7.0;
			};
			name = Release;
		};
		AF4BF63818FAE2240015AE48 /* Debug */ = {
			isa = XCBuildConfiguration;
			buildSettings = {
				ALWAYS_SEARCH_USER_PATHS = NO;
				CLANG_CXX_LANGUAGE_STANDARD = "gnu++0x";
				CLANG_CXX_LIBRARY = "libc++";
				CLANG_ENABLE_MODULES = YES;
				CLANG_ENABLE_OBJC_ARC = YES;
				CLANG_WARN_BOOL_CONVERSION = YES;
				CLANG_WARN_CONSTANT_CONVERSION = YES;
				CLANG_WARN_DIRECT_OBJC_ISA_USAGE = YES_ERROR;
				CLANG_WARN_EMPTY_BODY = YES;
				CLANG_WARN_ENUM_CONVERSION = YES;
				CLANG_WARN_INT_CONVERSION = YES;
				CLANG_WARN_OBJC_ROOT_CLASS = YES_ERROR;
				CLANG_WARN__DUPLICATE_METHOD_MATCH = YES;
				COPY_PHASE_STRIP = NO;
				DSTROOT = /tmp/PIOSpriteKit.dst;
				GCC_C_LANGUAGE_STANDARD = gnu99;
				GCC_DYNAMIC_NO_PIC = NO;
				GCC_OPTIMIZATION_LEVEL = 0;
				GCC_PRECOMPILE_PREFIX_HEADER = YES;
				GCC_PREFIX_HEADER = "PIOSpriteKit/PIOSpriteKit-Prefix.pch";
				GCC_PREPROCESSOR_DEFINITIONS = (
					"DEBUG=1",
					"$(inherited)",
				);
				GCC_SYMBOLS_PRIVATE_EXTERN = NO;
				GCC_WARN_64_TO_32_BIT_CONVERSION = YES;
				GCC_WARN_ABOUT_RETURN_TYPE = YES_ERROR;
				GCC_WARN_UNDECLARED_SELECTOR = YES;
				GCC_WARN_UNINITIALIZED_AUTOS = YES_AGGRESSIVE;
				GCC_WARN_UNUSED_FUNCTION = YES;
				GCC_WARN_UNUSED_VARIABLE = YES;
				IPHONEOS_DEPLOYMENT_TARGET = 7.0;
				ONLY_ACTIVE_ARCH = YES;
				OTHER_LDFLAGS = "-ObjC";
				PRODUCT_NAME = "$(TARGET_NAME)";
				SDKROOT = iphoneos;
				SKIP_INSTALL = YES;
			};
			name = Debug;
		};
		AF4BF63918FAE2240015AE48 /* Release */ = {
			isa = XCBuildConfiguration;
			buildSettings = {
				ALWAYS_SEARCH_USER_PATHS = NO;
				CLANG_CXX_LANGUAGE_STANDARD = "gnu++0x";
				CLANG_CXX_LIBRARY = "libc++";
				CLANG_ENABLE_MODULES = YES;
				CLANG_ENABLE_OBJC_ARC = YES;
				CLANG_WARN_BOOL_CONVERSION = YES;
				CLANG_WARN_CONSTANT_CONVERSION = YES;
				CLANG_WARN_DIRECT_OBJC_ISA_USAGE = YES_ERROR;
				CLANG_WARN_EMPTY_BODY = YES;
				CLANG_WARN_ENUM_CONVERSION = YES;
				CLANG_WARN_INT_CONVERSION = YES;
				CLANG_WARN_OBJC_ROOT_CLASS = YES_ERROR;
				CLANG_WARN__DUPLICATE_METHOD_MATCH = YES;
				COPY_PHASE_STRIP = YES;
				DSTROOT = /tmp/PIOSpriteKit.dst;
				ENABLE_NS_ASSERTIONS = NO;
				GCC_C_LANGUAGE_STANDARD = gnu99;
				GCC_PRECOMPILE_PREFIX_HEADER = YES;
				GCC_PREFIX_HEADER = "PIOSpriteKit/PIOSpriteKit-Prefix.pch";
				GCC_WARN_64_TO_32_BIT_CONVERSION = YES;
				GCC_WARN_ABOUT_RETURN_TYPE = YES_ERROR;
				GCC_WARN_UNDECLARED_SELECTOR = YES;
				GCC_WARN_UNINITIALIZED_AUTOS = YES_AGGRESSIVE;
				GCC_WARN_UNUSED_FUNCTION = YES;
				GCC_WARN_UNUSED_VARIABLE = YES;
				IPHONEOS_DEPLOYMENT_TARGET = 7.0;
				OTHER_LDFLAGS = "-ObjC";
				PRODUCT_NAME = "$(TARGET_NAME)";
				SDKROOT = iphoneos;
				SKIP_INSTALL = YES;
				VALIDATE_PRODUCT = YES;
			};
			name = Release;
		};
		AF4BF66918FAE2BE0015AE48 /* Debug */ = {
			isa = XCBuildConfiguration;
			buildSettings = {
				ALWAYS_SEARCH_USER_PATHS = NO;
				ASSETCATALOG_COMPILER_APPICON_NAME = AppIcon;
				ASSETCATALOG_COMPILER_LAUNCHIMAGE_NAME = LaunchImage;
				CLANG_CXX_LANGUAGE_STANDARD = "gnu++0x";
				CLANG_CXX_LIBRARY = "libc++";
				CLANG_ENABLE_MODULES = YES;
				CLANG_ENABLE_OBJC_ARC = YES;
				CLANG_WARN_BOOL_CONVERSION = YES;
				CLANG_WARN_CONSTANT_CONVERSION = YES;
				CLANG_WARN_DEPRECATED_OBJC_IMPLEMENTATIONS = YES;
				CLANG_WARN_DIRECT_OBJC_ISA_USAGE = YES_ERROR;
				CLANG_WARN_EMPTY_BODY = YES;
				CLANG_WARN_ENUM_CONVERSION = YES;
				CLANG_WARN_IMPLICIT_SIGN_CONVERSION = YES;
				CLANG_WARN_INT_CONVERSION = YES;
				CLANG_WARN_OBJC_IMPLICIT_ATOMIC_PROPERTIES = YES;
				CLANG_WARN_OBJC_IMPLICIT_RETAIN_SELF = YES;
				CLANG_WARN_OBJC_MISSING_PROPERTY_SYNTHESIS = NO;
				CLANG_WARN_OBJC_ROOT_CLASS = YES_ERROR;
				CLANG_WARN_SUSPICIOUS_IMPLICIT_CONVERSION = YES;
				CLANG_WARN__DUPLICATE_METHOD_MATCH = YES;
				"CODE_SIGN_IDENTITY[sdk=iphoneos*]" = "iPhone Developer";
				COPY_PHASE_STRIP = NO;
				FRAMEWORK_SEARCH_PATHS = (
					"$(inherited)",
					"$(DEVELOPER_FRAMEWORKS_DIR)",
				);
				GCC_C_LANGUAGE_STANDARD = gnu99;
				GCC_DYNAMIC_NO_PIC = NO;
				GCC_OPTIMIZATION_LEVEL = 0;
				GCC_PRECOMPILE_PREFIX_HEADER = YES;
				GCC_PREFIX_HEADER = "PIOSpriteKit.Examples/PIOSpriteKit.Examples-Prefix.pch";
				GCC_PREPROCESSOR_DEFINITIONS = (
					"DEBUG=1",
					"$(inherited)",
				);
				GCC_SYMBOLS_PRIVATE_EXTERN = NO;
				GCC_WARN_64_TO_32_BIT_CONVERSION = YES;
				GCC_WARN_ABOUT_MISSING_NEWLINE = YES;
				GCC_WARN_ABOUT_RETURN_TYPE = YES_ERROR;
				GCC_WARN_INITIALIZER_NOT_FULLY_BRACKETED = YES;
				GCC_WARN_SHADOW = YES;
				GCC_WARN_SIGN_COMPARE = YES;
				GCC_WARN_UNDECLARED_SELECTOR = YES;
				GCC_WARN_UNINITIALIZED_AUTOS = YES_AGGRESSIVE;
				GCC_WARN_UNUSED_FUNCTION = YES;
				GCC_WARN_UNUSED_PARAMETER = NO;
				GCC_WARN_UNUSED_VARIABLE = YES;
				INFOPLIST_FILE = "PIOSpriteKit.Examples/PIOSpriteKit.Examples-Info.plist";
				IPHONEOS_DEPLOYMENT_TARGET = 7.1;
				ONLY_ACTIVE_ARCH = YES;
				PRODUCT_NAME = "$(TARGET_NAME)";
				SDKROOT = iphoneos;
				TARGETED_DEVICE_FAMILY = "1,2";
				WRAPPER_EXTENSION = app;
			};
			name = Debug;
		};
		AF4BF66A18FAE2BE0015AE48 /* Release */ = {
			isa = XCBuildConfiguration;
			buildSettings = {
				ALWAYS_SEARCH_USER_PATHS = NO;
				ASSETCATALOG_COMPILER_APPICON_NAME = AppIcon;
				ASSETCATALOG_COMPILER_LAUNCHIMAGE_NAME = LaunchImage;
				CLANG_CXX_LANGUAGE_STANDARD = "gnu++0x";
				CLANG_CXX_LIBRARY = "libc++";
				CLANG_ENABLE_MODULES = YES;
				CLANG_ENABLE_OBJC_ARC = YES;
				CLANG_WARN_BOOL_CONVERSION = YES;
				CLANG_WARN_CONSTANT_CONVERSION = YES;
				CLANG_WARN_DEPRECATED_OBJC_IMPLEMENTATIONS = YES;
				CLANG_WARN_DIRECT_OBJC_ISA_USAGE = YES_ERROR;
				CLANG_WARN_EMPTY_BODY = YES;
				CLANG_WARN_ENUM_CONVERSION = YES;
				CLANG_WARN_IMPLICIT_SIGN_CONVERSION = YES;
				CLANG_WARN_INT_CONVERSION = YES;
				CLANG_WARN_OBJC_IMPLICIT_ATOMIC_PROPERTIES = YES;
				CLANG_WARN_OBJC_IMPLICIT_RETAIN_SELF = YES;
				CLANG_WARN_OBJC_MISSING_PROPERTY_SYNTHESIS = NO;
				CLANG_WARN_OBJC_ROOT_CLASS = YES_ERROR;
				CLANG_WARN_SUSPICIOUS_IMPLICIT_CONVERSION = YES;
				CLANG_WARN__DUPLICATE_METHOD_MATCH = YES;
				"CODE_SIGN_IDENTITY[sdk=iphoneos*]" = "iPhone Developer";
				COPY_PHASE_STRIP = YES;
				ENABLE_NS_ASSERTIONS = NO;
				FRAMEWORK_SEARCH_PATHS = (
					"$(inherited)",
					"$(DEVELOPER_FRAMEWORKS_DIR)",
				);
				GCC_C_LANGUAGE_STANDARD = gnu99;
				GCC_PRECOMPILE_PREFIX_HEADER = YES;
				GCC_PREFIX_HEADER = "PIOSpriteKit.Examples/PIOSpriteKit.Examples-Prefix.pch";
				GCC_WARN_64_TO_32_BIT_CONVERSION = YES;
				GCC_WARN_ABOUT_MISSING_NEWLINE = YES;
				GCC_WARN_ABOUT_RETURN_TYPE = YES_ERROR;
				GCC_WARN_INITIALIZER_NOT_FULLY_BRACKETED = YES;
				GCC_WARN_SHADOW = YES;
				GCC_WARN_SIGN_COMPARE = YES;
				GCC_WARN_UNDECLARED_SELECTOR = YES;
				GCC_WARN_UNINITIALIZED_AUTOS = YES_AGGRESSIVE;
				GCC_WARN_UNUSED_FUNCTION = YES;
				GCC_WARN_UNUSED_PARAMETER = NO;
				GCC_WARN_UNUSED_VARIABLE = YES;
				INFOPLIST_FILE = "PIOSpriteKit.Examples/PIOSpriteKit.Examples-Info.plist";
				IPHONEOS_DEPLOYMENT_TARGET = 7.1;
				PRODUCT_NAME = "$(TARGET_NAME)";
				SDKROOT = iphoneos;
				TARGETED_DEVICE_FAMILY = "1,2";
				VALIDATE_PRODUCT = YES;
				WRAPPER_EXTENSION = app;
			};
			name = Release;
		};
/* End XCBuildConfiguration section */

/* Begin XCConfigurationList section */
		AF3C473018FADE4500F7E3DD /* Build configuration list for PBXProject "PIOSpriteKit" */ = {
			isa = XCConfigurationList;
			buildConfigurations = (
				AF3C473118FADE4500F7E3DD /* Debug */,
				AF3C473218FADE4500F7E3DD /* Release */,
			);
			defaultConfigurationIsVisible = 0;
			defaultConfigurationName = Release;
		};
		AF4BF63718FAE2240015AE48 /* Build configuration list for PBXNativeTarget "PIOSpriteKit" */ = {
			isa = XCConfigurationList;
			buildConfigurations = (
				AF4BF63818FAE2240015AE48 /* Debug */,
				AF4BF63918FAE2240015AE48 /* Release */,
			);
			defaultConfigurationIsVisible = 0;
			defaultConfigurationName = Release;
		};
		AF4BF66818FAE2BE0015AE48 /* Build configuration list for PBXNativeTarget "PIOSpriteKit.Examples" */ = {
			isa = XCConfigurationList;
			buildConfigurations = (
				AF4BF66918FAE2BE0015AE48 /* Debug */,
				AF4BF66A18FAE2BE0015AE48 /* Release */,
			);
			defaultConfigurationIsVisible = 0;
			defaultConfigurationName = Release;
		};
/* End XCConfigurationList section */
	};
	rootObject = AF3C472D18FADE4500F7E3DD /* Project object */;
}
